# THIS IS AN AUTOGENERATED FILE. DO NOT EDIT THIS FILE DIRECTLY.
# yarn lockfile v1


"@dino-cli-dev/utils@file:../../utils/utils":
  version "1.0.3"

find-up@^5.0.0:
  version "5.0.0"
  resolved "https://registry.npm.taobao.org/find-up/download/find-up-5.0.0.tgz#4c92819ecb7083561e4f4a240a86be5198f536fc"
  integrity sha1-TJKBnstwg1YeT0okCoa+UZj1Nvw=
  dependencies:
    locate-path "^6.0.0"
    path-exists "^4.0.0"

locate-path@^6.0.0:
  version "6.0.0"
  resolved "https://registry.npm.taobao.org/locate-path/download/locate-path-6.0.0.tgz#55321eb309febbc59c4801d931a72452a681d286"
  integrity sha1-VTIeswn+u8WcSAHZMackUqaB0oY=
  dependencies:
    p-locate "^5.0.0"

p-limit@^3.0.2:
  version "3.1.0"
  resolved "https://registry.nlark.com/p-limit/download/p-limit-3.1.0.tgz#e1daccbe78d0d1388ca18c64fea38e3e57e3706b"
  integrity sha1-4drMvnjQ0TiMoYxk/qOOPlfjcGs=
  dependencies:
    yocto-queue "^0.1.0"

p-locate@^5.0.0:
  version "5.0.0"
  resolved "https://registry.nlark.com/p-locate/download/p-locate-5.0.0.tgz#83c8315c6785005e3bd021839411c9e110e6d834"
  integrity sha1-g8gxXGeFAF470CGDlBHJ4RDm2DQ=
  dependencies:
    p-limit "^3.0.2"

path-exists@^4.0.0:
  version "4.0.0"
  resolved "https://registry.nlark.com/path-exists/download/path-exists-4.0.0.tgz#513bdbe2d3b95d7762e8c1137efa195c6c61b5b3"
  integrity sha1-UTvb4tO5XXdi6METfvoZXGxhtbM=

pkg-dir@5.0.0:
  version "5.0.0"
  resolved "https://registry.nlark.com/pkg-dir/download/pkg-dir-5.0.0.tgz#a02d6aebe6ba133a928f74aec20bafdfe6b8e760"
  integrity sha1-oC1q6+a6EzqSj3Suwguv3+a452A=
  dependencies:
    find-up "^5.0.0"

yocto-queue@^0.1.0:
  version "0.1.0"
  resolved "https://registry.nlark.com/yocto-queue/download/yocto-queue-0.1.0.tgz#0294eb3dee05028d31ee1a5fa2c556a6aaf10a1b"
  integrity sha1-ApTrPe4FAo0x7hpfosVWpqrxChs=
